
Microsoft Visual Studio Solution File, Format Version 12.00
# Visual Studio Version 17
VisualStudioVersion = 17.10.34928.147
MinimumVisualStudioVersion = 10.0.40219.1
Project("{FAE04EC0-301F-11D3-BF4B-00C04F79EFBC}") = "Lester", "Lester\Lester.csproj", "{C1E14EF3-4912-483A-9768-29780BB78D9E}"
EndProject
Global
	GlobalSection(SolutionConfigurationPlatforms) = preSolution
		Debug|Any CPU = Debug|Any CPU
		Release|Any CPU = Release|Any CPU
	EndGlobalSection
	GlobalSection(ProjectConfigurationPlatforms) = postSolution
		{C1E14EF3-4912-483A-9768-29780BB78D9E}.Debug|Any CPU.ActiveCfg = Debug|Any CPU
		{C1E14EF3-4912-483A-9768-29780BB78D9E}.Debug|Any CPU.Build.0 = Debug|Any CPU
		{C1E14EF3-4912-483A-9768-29780BB78D9E}.Release|Any CPU.ActiveCfg = Release|Any CPU
		{C1E14EF3-4912-483A-9768-29780BB78D9E}.Release|Any CPU.Build.0 = Release|Any CPU
	EndGlobalSection
	GlobalSection(SolutionProperties) = preSolution
		HideSolutionNode = FALSE
	EndGlobalSection
	GlobalSection(ExtensibilityGlobals) = postSolution
		SolutionGuid = {3C29C323-3D7C-4B42-8AB4-2109732F4279}
	EndGlobalSection
EndGlobal
